
Microsoft Visual Studio Solution File, Format Version 12.00
# Visual Studio Version 17
VisualStudioVersion = 17.7.34031.279
MinimumVisualStudioVersion = 10.0.40219.1
Project("{FAE04EC0-301F-11D3-BF4B-00C04F79EFBC}") = "WindowsForms", "WindowsForms\WindowsForms.csproj", "{B8B393B2-2A46-4C91-935A-EBFA76859E32}"
EndProject
Global
	GlobalSection(SolutionConfigurationPlatforms) = preSolution
		Debug|Any CPU = Debug|Any CPU
		Release|Any CPU = Release|Any CPU
	EndGlobalSection
	GlobalSection(ProjectConfigurationPlatforms) = postSolution
		{B8B393B2-2A46-4C91-935A-EBFA76859E32}.Debug|Any CPU.ActiveCfg = Debug|Any CPU
		{B8B393B2-2A46-4C91-935A-EBFA76859E32}.Debug|Any CPU.Build.0 = Debug|Any CPU
		{B8B393B2-2A46-4C91-935A-EBFA76859E32}.Release|Any CPU.ActiveCfg = Release|Any CPU
		{B8B393B2-2A46-4C91-935A-EBFA76859E32}.Release|Any CPU.Build.0 = Release|Any CPU
	EndGlobalSection
	GlobalSection(SolutionProperties) = preSolution
		HideSolutionNode = FALSE
	EndGlobalSection
	GlobalSection(ExtensibilityGlobals) = postSolution
		SolutionGuid = {140519D8-1B7B-462F-9A4F-08827AF65DFF}
	EndGlobalSection
EndGlobal
